
Microsoft Visual Studio Solution File, Format Version 12.00
# Visual Studio 15
VisualStudioVersion = 15.0.28307.960
MinimumVisualStudioVersion = 10.0.40219.1
Project("{FAE04EC0-301F-11D3-BF4B-00C04F79EFBC}") = "HelperTools", "HelperTools\HelperTools.csproj", "{A57F1079-528D-4C7C-A92E-739B260A96CC}"
EndProject
Project("{FAE04EC0-301F-11D3-BF4B-00C04F79EFBC}") = "_HelperToolsTests", "_HelperToolsTests\_HelperToolsTests.csproj", "{8B5B891E-2159-4E8B-AA05-26305B942052}"
EndProject
Global
	GlobalSection(SolutionConfigurationPlatforms) = preSolution
		Debug|Any CPU = Debug|Any CPU
		Release|Any CPU = Release|Any CPU
	EndGlobalSection
	GlobalSection(ProjectConfigurationPlatforms) = postSolution
		{A57F1079-528D-4C7C-A92E-739B260A96CC}.Debug|Any CPU.ActiveCfg = Debug|Any CPU
		{A57F1079-528D-4C7C-A92E-739B260A96CC}.Debug|Any CPU.Build.0 = Debug|Any CPU
		{A57F1079-528D-4C7C-A92E-739B260A96CC}.Release|Any CPU.ActiveCfg = Release|Any CPU
		{A57F1079-528D-4C7C-A92E-739B260A96CC}.Release|Any CPU.Build.0 = Release|Any CPU
		{8B5B891E-2159-4E8B-AA05-26305B942052}.Debug|Any CPU.ActiveCfg = Debug|Any CPU
		{8B5B891E-2159-4E8B-AA05-26305B942052}.Debug|Any CPU.Build.0 = Debug|Any CPU
		{8B5B891E-2159-4E8B-AA05-26305B942052}.Release|Any CPU.ActiveCfg = Release|Any CPU
		{8B5B891E-2159-4E8B-AA05-26305B942052}.Release|Any CPU.Build.0 = Release|Any CPU
	EndGlobalSection
	GlobalSection(SolutionProperties) = preSolution
		HideSolutionNode = FALSE
	EndGlobalSection
	GlobalSection(ExtensibilityGlobals) = postSolution
		SolutionGuid = {05E37225-CD2E-465A-B34A-DAF3FD82BD99}
	EndGlobalSection
EndGlobal
